{
    "_readme": [
        "This file locks the dependencies of your project to a known state",
        "Read more about it at https://getcomposer.org/doc/01-basic-usage.md#installing-dependencies",
        "This file is @generated automatically"
    ],
    "content-hash": "22d9d9accd30a2404fd6c30eceb6885f",
    "packages": [
        {
            "name": "coffeecode/datalayer",
            "version": "dev-master",
            "source": {
                "type": "git",
                "url": "https://github.com/robsonvleite/datalayer.git",
                "reference": "6a51fa227bba003be11519e7efa8338bc87460f5"
            },
            "dist": {
                "type": "zip",
                "url": "https://api.github.com/repos/robsonvleite/datalayer/zipball/6a51fa227bba003be11519e7efa8338bc87460f5",
                "reference": "6a51fa227bba003be11519e7efa8338bc87460f5",
                "shasum": ""
            },
            "require": {
                "ext-pdo": "*",
                "php": "^7.2"
            },
            "type": "library",
            "autoload": {
                "psr-4": {
                    "CoffeeCode\\DataLayer\\": "src"
                }
            },
            "notification-url": "https://packagist.org/downloads/",
            "license": [
                "MIT"
            ],
            "authors": [
                {
                    "name": "Robson V. Leite",
                    "email": "cursos@upinside.com.br",
                    "role": "Developer"
                }
            ],
            "description": "The data layer is a persistent abstraction component of your database that PDO",
            "homepage": "http://www.upinside.com.br",
            "keywords": [
                "Coffeecode",
                "crud",
                "database",
                "delete",
                "destroy",
                "pdo",
                "save",
                "upinside"
            ],
            "time": "2020-07-02T17:10:50+00:00"
        },
        {
            "name": "fortawesome/font-awesome",
            "version": "dev-master",
            "source": {
                "type": "git",
                "url": "https://github.com/FortAwesome/Font-Awesome.git",
                "reference": "57f1632d7303fbcd8974425882ffd9919fc4041b"
            },
            "dist": {
                "type": "zip",
                "url": "https://api.github.com/repos/FortAwesome/Font-Awesome/zipball/57f1632d7303fbcd8974425882ffd9919fc4041b",
                "reference": "57f1632d7303fbcd8974425882ffd9919fc4041b",
                "shasum": ""
            },
            "type": "library",
            "notification-url": "https://packagist.org/downloads/",
            "license": [
                "CC-BY-4.0",
                "OFL-1.1",
                "MIT"
            ],
            "authors": [
                {
                    "name": "Travis Chase",
                    "homepage": "http://twitter.com/supercodepoet"
                },
                {
                    "name": "Dave Gandy",
                    "homepage": "http://twitter.com/davegandy"
                },
                {
                    "name": "Rob Madole",
                    "homepage": "http://twitter.com/robmadole"
                },
                {
                    "name": "Jory Raphael",
                    "homepage": "http://twitter.com/sensibleworld"
                },
                {
                    "name": "Geremia Taglialatela",
                    "homepage": "http://twitter.com/gtagliala"
                },
                {
                    "name": "Brian Talbot",
                    "homepage": "http://twitter.com/talbs"
                },
                {
                    "name": "Mike Wilkerson",
                    "homepage": "http://twitter.com/mw77"
                }
            ],
            "description": "The iconic font, CSS, and SVG framework",
            "homepage": "https://fontawesome.com",
            "keywords": [
                "FontAwesome",
                "awesome",
                "bootstrap",
                "font",
                "icon",
                "svg"
            ],
            "time": "2020-10-05T18:25:08+00:00"
        },
        {
            "name": "twbs/bootstrap",
            "version": "v5.0.0-alpha2",
            "source": {
                "type": "git",
                "url": "https://github.com/twbs/bootstrap.git",
                "reference": "b083c9639fd9012e5cba57d6c4088d43b3c3e57d"
            },
            "dist": {
                "type": "zip",
                "url": "https://api.github.com/repos/twbs/bootstrap/zipball/b083c9639fd9012e5cba57d6c4088d43b3c3e57d",
                "reference": "b083c9639fd9012e5cba57d6c4088d43b3c3e57d",
                "shasum": ""
            },
            "replace": {
                "twitter/bootstrap": "self.version"
            },
            "type": "library",
            "notification-url": "https://packagist.org/downloads/",
            "license": [
                "MIT"
            ],
            "authors": [
                {
                    "name": "Mark Otto",
                    "email": "markdotto@gmail.com"
                },
                {
                    "name": "Jacob Thornton",
                    "email": "jacobthornton@gmail.com"
                }
            ],
            "description": "The most popular front-end framework for developing responsive, mobile first projects on the web.",
            "homepage": "https://getbootstrap.com/",
            "keywords": [
                "JS",
                "css",
                "framework",
                "front-end",
                "mobile-first",
                "responsive",
                "sass",
                "web"
            ],
            "funding": [
                {
                    "url": "https://opencollective.com/bootstrap",
                    "type": "open_collective"
                }
            ],
            "time": "2020-09-29T15:33:00+00:00"
        }
    ],
    "packages-dev": [],
    "aliases": [],
    "minimum-stability": "dev",
    "stability-flags": {
        "coffeecode/datalayer": 20,
        "twbs/bootstrap": 15,
        "fortawesome/font-awesome": 20
    },
    "prefer-stable": false,
    "prefer-lowest": false,
    "platform": [],
    "platform-dev": [],
    "plugin-api-version": "1.1.0"
}
